// !$*UTF8*$!
{
	archiveVersion = 1;
	classes = {
	};
	objectVersion = 56;
	objects = {

/* Begin PBXBuildFile section */
		09BD01152B68CBB9000CE7C9 /* GamergridApp.swift in Sources */ = {isa = PBXBuildFile; fileRef = 09BD01142B68CBB9000CE7C9 /* GamergridApp.swift */; };
		09BD01192B68CBBA000CE7C9 /* Assets.xcassets in Resources */ = {isa = PBXBuildFile; fileRef = 09BD01182B68CBBA000CE7C9 /* Assets.xcassets */; };
		09BD011C2B68CBBA000CE7C9 /* Preview Assets.xcassets in Resources */ = {isa = PBXBuildFile; fileRef = 09BD011B2B68CBBA000CE7C9 /* Preview Assets.xcassets */; };
		0F2F53CF2B68D1D10093E0E7 /* ViewPortHelper.swift in Sources */ = {isa = PBXBuildFile; fileRef = 0F2F53CE2B68D1D10093E0E7 /* ViewPortHelper.swift */; };
		0F2F53D22B68D39A0093E0E7 /* AppConstants.swift in Sources */ = {isa = PBXBuildFile; fileRef = 0F2F53D12B68D39A0093E0E7 /* AppConstants.swift */; };
		0FA0DE0D2B6B9AFA00E345E3 /* HomeScreenView.swift in Sources */ = {isa = PBXBuildFile; fileRef = 0FA0DE0C2B6B9AFA00E345E3 /* HomeScreenView.swift */; };
		0FA0DE0F2B6C10FB00E345E3 /* QuickSetupScreenView.swift in Sources */ = {isa = PBXBuildFile; fileRef = 0FA0DE0E2B6C10FB00E345E3 /* QuickSetupScreenView.swift */; };
		0FA0DE122B6C18CD00E345E3 /* RoundCorenersView.swift in Sources */ = {isa = PBXBuildFile; fileRef = 0FA0DE112B6C18CD00E345E3 /* RoundCorenersView.swift */; };
		0FA0DE142B6C2B8F00E345E3 /* MatchesView.swift in Sources */ = {isa = PBXBuildFile; fileRef = 0FA0DE132B6C2B8F00E345E3 /* MatchesView.swift */; };
		0FA0DE162B6C2BCE00E345E3 /* NewsView.swift in Sources */ = {isa = PBXBuildFile; fileRef = 0FA0DE152B6C2BCE00E345E3 /* NewsView.swift */; };
		0FA0DE182B6C2BFF00E345E3 /* LeaguesView.swift in Sources */ = {isa = PBXBuildFile; fileRef = 0FA0DE172B6C2BFF00E345E3 /* LeaguesView.swift */; };
		0FA0DE1A2B6C334100E345E3 /* FollowingView.swift in Sources */ = {isa = PBXBuildFile; fileRef = 0FA0DE192B6C334100E345E3 /* FollowingView.swift */; };
		0FA0DE1C2B6C338000E345E3 /* SettingsView.swift in Sources */ = {isa = PBXBuildFile; fileRef = 0FA0DE1B2B6C338000E345E3 /* SettingsView.swift */; };
		0FA0DE1E2B6CD8CF00E345E3 /* ColorContants.swift in Sources */ = {isa = PBXBuildFile; fileRef = 0FA0DE1D2B6CD8CF00E345E3 /* ColorContants.swift */; };
		0FA0DE202B6D050300E345E3 /* TeamSelectView.swift in Sources */ = {isa = PBXBuildFile; fileRef = 0FA0DE1F2B6D050300E345E3 /* TeamSelectView.swift */; };
		0FA0DE222B6D051500E345E3 /* LeagueSelectView.swift in Sources */ = {isa = PBXBuildFile; fileRef = 0FA0DE212B6D051500E345E3 /* LeagueSelectView.swift */; };
		0FA0DE272B6D06E400E345E3 /* QuickSetupViewModal.swift in Sources */ = {isa = PBXBuildFile; fileRef = 0FA0DE262B6D06E400E345E3 /* QuickSetupViewModal.swift */; };
		0FA0DE292B6D08DA00E345E3 /* GameSelectView.swift in Sources */ = {isa = PBXBuildFile; fileRef = 0FA0DE282B6D08DA00E345E3 /* GameSelectView.swift */; };
		0FA0DE2E2B6EFF3300E345E3 /* CalendarComponentView.swift in Sources */ = {isa = PBXBuildFile; fileRef = 0FA0DE2D2B6EFF3300E345E3 /* CalendarComponentView.swift */; };
		0FA0DE352B6F9EAD00E345E3 /* FollowingItemModel.swift in Sources */ = {isa = PBXBuildFile; fileRef = 0FA0DE342B6F9EAD00E345E3 /* FollowingItemModel.swift */; };
/* End PBXBuildFile section */

/* Begin PBXFileReference section */
		09BD01112B68CBB9000CE7C9 /* Gamergrid.app */ = {isa = PBXFileReference; explicitFileType = wrapper.application; includeInIndex = 0; path = Gamergrid.app; sourceTree = BUILT_PRODUCTS_DIR; };
		09BD01142B68CBB9000CE7C9 /* GamergridApp.swift */ = {isa = PBXFileReference; lastKnownFileType = sourcecode.swift; path = GamergridApp.swift; sourceTree = "<group>"; };
		09BD01182B68CBBA000CE7C9 /* Assets.xcassets */ = {isa = PBXFileReference; lastKnownFileType = folder.assetcatalog; path = Assets.xcassets; sourceTree = "<group>"; };
		09BD011B2B68CBBA000CE7C9 /* Preview Assets.xcassets */ = {isa = PBXFileReference; lastKnownFileType = folder.assetcatalog; path = "Preview Assets.xcassets"; sourceTree = "<group>"; };
		0F2F53CE2B68D1D10093E0E7 /* ViewPortHelper.swift */ = {isa = PBXFileReference; lastKnownFileType = sourcecode.swift; path = ViewPortHelper.swift; sourceTree = "<group>"; };
		0F2F53D12B68D39A0093E0E7 /* AppConstants.swift */ = {isa = PBXFileReference; lastKnownFileType = sourcecode.swift; path = AppConstants.swift; sourceTree = "<group>"; };
		0FA0DE0C2B6B9AFA00E345E3 /* HomeScreenView.swift */ = {isa = PBXFileReference; lastKnownFileType = sourcecode.swift; path = HomeScreenView.swift; sourceTree = "<group>"; };
		0FA0DE0E2B6C10FB00E345E3 /* QuickSetupScreenView.swift */ = {isa = PBXFileReference; lastKnownFileType = sourcecode.swift; path = QuickSetupScreenView.swift; sourceTree = "<group>"; };
		0FA0DE112B6C18CD00E345E3 /* RoundCorenersView.swift */ = {isa = PBXFileReference; lastKnownFileType = sourcecode.swift; path = RoundCorenersView.swift; sourceTree = "<group>"; };
		0FA0DE132B6C2B8F00E345E3 /* MatchesView.swift */ = {isa = PBXFileReference; lastKnownFileType = sourcecode.swift; path = MatchesView.swift; sourceTree = "<group>"; };
		0FA0DE152B6C2BCE00E345E3 /* NewsView.swift */ = {isa = PBXFileReference; lastKnownFileType = sourcecode.swift; path = NewsView.swift; sourceTree = "<group>"; };
		0FA0DE172B6C2BFF00E345E3 /* LeaguesView.swift */ = {isa = PBXFileReference; lastKnownFileType = sourcecode.swift; path = LeaguesView.swift; sourceTree = "<group>"; };
		0FA0DE192B6C334100E345E3 /* FollowingView.swift */ = {isa = PBXFileReference; lastKnownFileType = sourcecode.swift; path = FollowingView.swift; sourceTree = "<group>"; };
		0FA0DE1B2B6C338000E345E3 /* SettingsView.swift */ = {isa = PBXFileReference; lastKnownFileType = sourcecode.swift; path = SettingsView.swift; sourceTree = "<group>"; };
		0FA0DE1D2B6CD8CF00E345E3 /* ColorContants.swift */ = {isa = PBXFileReference; lastKnownFileType = sourcecode.swift; path = ColorContants.swift; sourceTree = "<group>"; };
		0FA0DE1F2B6D050300E345E3 /* TeamSelectView.swift */ = {isa = PBXFileReference; lastKnownFileType = sourcecode.swift; path = TeamSelectView.swift; sourceTree = "<group>"; };
		0FA0DE212B6D051500E345E3 /* LeagueSelectView.swift */ = {isa = PBXFileReference; lastKnownFileType = sourcecode.swift; path = LeagueSelectView.swift; sourceTree = "<group>"; };
		0FA0DE262B6D06E400E345E3 /* QuickSetupViewModal.swift */ = {isa = PBXFileReference; lastKnownFileType = sourcecode.swift; path = QuickSetupViewModal.swift; sourceTree = "<group>"; };
		0FA0DE282B6D08DA00E345E3 /* GameSelectView.swift */ = {isa = PBXFileReference; lastKnownFileType = sourcecode.swift; path = GameSelectView.swift; sourceTree = "<group>"; };
		0FA0DE2D2B6EFF3300E345E3 /* CalendarComponentView.swift */ = {isa = PBXFileReference; lastKnownFileType = sourcecode.swift; path = CalendarComponentView.swift; sourceTree = "<group>"; };
		0FA0DE342B6F9EAD00E345E3 /* FollowingItemModel.swift */ = {isa = PBXFileReference; lastKnownFileType = sourcecode.swift; path = FollowingItemModel.swift; sourceTree = "<group>"; };
/* End PBXFileReference section */

/* Begin PBXFrameworksBuildPhase section */
		09BD010E2B68CBB9000CE7C9 /* Frameworks */ = {
			isa = PBXFrameworksBuildPhase;
			buildActionMask = 2147483647;
			files = (
			);
			runOnlyForDeploymentPostprocessing = 0;
		};
/* End PBXFrameworksBuildPhase section */

/* Begin PBXGroup section */
		09BD01082B68CBB9000CE7C9 = {
			isa = PBXGroup;
			children = (
				09BD01132B68CBB9000CE7C9 /* Gamergrid */,
				09BD01122B68CBB9000CE7C9 /* Products */,
			);
			sourceTree = "<group>";
		};
		09BD01122B68CBB9000CE7C9 /* Products */ = {
			isa = PBXGroup;
			children = (
				09BD01112B68CBB9000CE7C9 /* Gamergrid.app */,
			);
			name = Products;
			sourceTree = "<group>";
		};
		09BD01132B68CBB9000CE7C9 /* Gamergrid */ = {
			isa = PBXGroup;
			children = (
				0FA0DE0C2B6B9AFA00E345E3 /* HomeScreenView.swift */,
				0FA0DE302B6EFFEE00E345E3 /* MatchesViews */,
				0FA0DE232B6D06A500E345E3 /* ViewModals */,
				0FA0DE102B6C18B600E345E3 /* Eetensions */,
				0F2F53D02B68D3850093E0E7 /* Constants */,
				0F2F53CC2B68D15E0093E0E7 /* Helpers */,
				09BD01142B68CBB9000CE7C9 /* GamergridApp.swift */,
				0FA0DE172B6C2BFF00E345E3 /* LeaguesView.swift */,
				0FA0DE1B2B6C338000E345E3 /* SettingsView.swift */,
				0FA0DE192B6C334100E345E3 /* FollowingView.swift */,
				0FA0DE152B6C2BCE00E345E3 /* NewsView.swift */,
				0FA0DE282B6D08DA00E345E3 /* GameSelectView.swift */,
				0FA0DE312B6F9AC500E345E3 /* models */,
				0FA0DE0E2B6C10FB00E345E3 /* QuickSetupScreenView.swift */,
				0FA0DE1F2B6D050300E345E3 /* TeamSelectView.swift */,
				0FA0DE212B6D051500E345E3 /* LeagueSelectView.swift */,
				09BD01182B68CBBA000CE7C9 /* Assets.xcassets */,
				09BD011A2B68CBBA000CE7C9 /* Preview Content */,
			);
			path = Gamergrid;
			sourceTree = "<group>";
		};
		09BD011A2B68CBBA000CE7C9 /* Preview Content */ = {
			isa = PBXGroup;
			children = (
				09BD011B2B68CBBA000CE7C9 /* Preview Assets.xcassets */,
			);
			path = "Preview Content";
			sourceTree = "<group>";
		};
		0F2F53CC2B68D15E0093E0E7 /* Helpers */ = {
			isa = PBXGroup;
			children = (
				0F2F53CD2B68D17C0093E0E7 /* ViewPort */,
			);
			path = Helpers;
			sourceTree = "<group>";
		};
		0F2F53CD2B68D17C0093E0E7 /* ViewPort */ = {
			isa = PBXGroup;
			children = (
				0F2F53CE2B68D1D10093E0E7 /* ViewPortHelper.swift */,
			);
			path = ViewPort;
			sourceTree = "<group>";
		};
		0F2F53D02B68D3850093E0E7 /* Constants */ = {
			isa = PBXGroup;
			children = (
				0F2F53D12B68D39A0093E0E7 /* AppConstants.swift */,
				0FA0DE1D2B6CD8CF00E345E3 /* ColorContants.swift */,
			);
			path = Constants;
			sourceTree = "<group>";
		};
		0FA0DE102B6C18B600E345E3 /* Eetensions */ = {
			isa = PBXGroup;
			children = (
				0FA0DE112B6C18CD00E345E3 /* RoundCorenersView.swift */,
			);
			path = Eetensions;
			sourceTree = "<group>";
		};
		0FA0DE232B6D06A500E345E3 /* ViewModals */ = {
			isa = PBXGroup;
			children = (
				0FA0DE262B6D06E400E345E3 /* QuickSetupViewModal.swift */,
			);
			path = ViewModals;
			sourceTree = "<group>";
		};
		0FA0DE302B6EFFEE00E345E3 /* MatchesViews */ = {
			isa = PBXGroup;
			children = (
				0FA0DE2D2B6EFF3300E345E3 /* CalendarComponentView.swift */,
				0FA0DE132B6C2B8F00E345E3 /* MatchesView.swift */,
			);
			path = MatchesViews;
			sourceTree = "<group>";
		};
		0FA0DE312B6F9AC500E345E3 /* models */ = {
			isa = PBXGroup;
			children = (
				0FA0DE342B6F9EAD00E345E3 /* FollowingItemModel.swift */,
			);
			path = models;
			sourceTree = "<group>";
		};
/* End PBXGroup section */

/* Begin PBXNativeTarget section */
		09BD01102B68CBB9000CE7C9 /* Gamergrid */ = {
			isa = PBXNativeTarget;
			buildConfigurationList = 09BD011F2B68CBBA000CE7C9 /* Build configuration list for PBXNativeTarget "Gamergrid" */;
			buildPhases = (
				09BD010D2B68CBB9000CE7C9 /* Sources */,
				09BD010E2B68CBB9000CE7C9 /* Frameworks */,
				09BD010F2B68CBB9000CE7C9 /* Resources */,
			);
			buildRules = (
			);
			dependencies = (
			);
			name = Gamergrid;
			productName = Gamergrid;
			productReference = 09BD01112B68CBB9000CE7C9 /* Gamergrid.app */;
			productType = "com.apple.product-type.application";
		};
/* End PBXNativeTarget section */

/* Begin PBXProject section */
		09BD01092B68CBB9000CE7C9 /* Project object */ = {
			isa = PBXProject;
			attributes = {
				BuildIndependentTargetsInParallel = 1;
				LastSwiftUpdateCheck = 1520;
				LastUpgradeCheck = 1520;
				TargetAttributes = {
					09BD01102B68CBB9000CE7C9 = {
						CreatedOnToolsVersion = 15.2;
					};
				};
			};
			buildConfigurationList = 09BD010C2B68CBB9000CE7C9 /* Build configuration list for PBXProject "Gamergrid" */;
			compatibilityVersion = "Xcode 14.0";
			developmentRegion = en;
			hasScannedForEncodings = 0;
			knownRegions = (
				en,
				Base,
			);
			mainGroup = 09BD01082B68CBB9000CE7C9;
			productRefGroup = 09BD01122B68CBB9000CE7C9 /* Products */;
			projectDirPath = "";
			projectRoot = "";
			targets = (
				09BD01102B68CBB9000CE7C9 /* Gamergrid */,
			);
		};
/* End PBXProject section */

/* Begin PBXResourcesBuildPhase section */
		09BD010F2B68CBB9000CE7C9 /* Resources */ = {
			isa = PBXResourcesBuildPhase;
			buildActionMask = 2147483647;
			files = (
				09BD011C2B68CBBA000CE7C9 /* Preview Assets.xcassets in Resources */,
				09BD01192B68CBBA000CE7C9 /* Assets.xcassets in Resources */,
			);
			runOnlyForDeploymentPostprocessing = 0;
		};
/* End PBXResourcesBuildPhase section */

/* Begin PBXSourcesBuildPhase section */
		09BD010D2B68CBB9000CE7C9 /* Sources */ = {
			isa = PBXSourcesBuildPhase;
			buildActionMask = 2147483647;
			files = (
				0FA0DE0F2B6C10FB00E345E3 /* QuickSetupScreenView.swift in Sources */,
				0FA0DE162B6C2BCE00E345E3 /* NewsView.swift in Sources */,
				0FA0DE1A2B6C334100E345E3 /* FollowingView.swift in Sources */,
				0FA0DE222B6D051500E345E3 /* LeagueSelectView.swift in Sources */,
				0FA0DE292B6D08DA00E345E3 /* GameSelectView.swift in Sources */,
				0FA0DE2E2B6EFF3300E345E3 /* CalendarComponentView.swift in Sources */,
				0FA0DE142B6C2B8F00E345E3 /* MatchesView.swift in Sources */,
				0FA0DE352B6F9EAD00E345E3 /* FollowingItemModel.swift in Sources */,
				0F2F53CF2B68D1D10093E0E7 /* ViewPortHelper.swift in Sources */,
				0FA0DE122B6C18CD00E345E3 /* RoundCorenersView.swift in Sources */,
				0FA0DE202B6D050300E345E3 /* TeamSelectView.swift in Sources */,
				0FA0DE0D2B6B9AFA00E345E3 /* HomeScreenView.swift in Sources */,
				09BD01152B68CBB9000CE7C9 /* GamergridApp.swift in Sources */,
				0F2F53D22B68D39A0093E0E7 /* AppConstants.swift in Sources */,
				0FA0DE182B6C2BFF00E345E3 /* LeaguesView.swift in Sources */,
				0FA0DE272B6D06E400E345E3 /* QuickSetupViewModal.swift in Sources */,
				0FA0DE1C2B6C338000E345E3 /* SettingsView.swift in Sources */,
				0FA0DE1E2B6CD8CF00E345E3 /* ColorContants.swift in Sources */,
			);
			runOnlyForDeploymentPostprocessing = 0;
		};
/* End PBXSourcesBuildPhase section */

/* Begin XCBuildConfiguration section */
		09BD011D2B68CBBA000CE7C9 /* Debug */ = {
			isa = XCBuildConfiguration;
			buildSettings = {
				ALWAYS_SEARCH_USER_PATHS = NO;
				ASSETCATALOG_COMPILER_GENERATE_SWIFT_ASSET_SYMBOL_EXTENSIONS = YES;
				CLANG_ANALYZER_NONNULL = YES;
				CLANG_ANALYZER_NUMBER_OBJECT_CONVERSION = YES_AGGRESSIVE;
				CLANG_CXX_LANGUAGE_STANDARD = "gnu++20";
				CLANG_ENABLE_MODULES = YES;
				CLANG_ENABLE_OBJC_ARC = YES;
				CLANG_ENABLE_OBJC_WEAK = YES;
				CLANG_WARN_BLOCK_CAPTURE_AUTORELEASING = YES;
				CLANG_WARN_BOOL_CONVERSION = YES;
				CLANG_WARN_COMMA = YES;
				CLANG_WARN_CONSTANT_CONVERSION = YES;
				CLANG_WARN_DEPRECATED_OBJC_IMPLEMENTATIONS = YES;
				CLANG_WARN_DIRECT_OBJC_ISA_USAGE = YES_ERROR;
				CLANG_WARN_DOCUMENTATION_COMMENTS = YES;
				CLANG_WARN_EMPTY_BODY = YES;
				CLANG_WARN_ENUM_CONVERSION = YES;
				CLANG_WARN_INFINITE_RECURSION = YES;
				CLANG_WARN_INT_CONVERSION = YES;
				CLANG_WARN_NON_LITERAL_NULL_CONVERSION = YES;
				CLANG_WARN_OBJC_IMPLICIT_RETAIN_SELF = YES;
				CLANG_WARN_OBJC_LITERAL_CONVERSION = YES;
				CLANG_WARN_OBJC_ROOT_CLASS = YES_ERROR;
				CLANG_WARN_QUOTED_INCLUDE_IN_FRAMEWORK_HEADER = YES;
				CLANG_WARN_RANGE_LOOP_ANALYSIS = YES;
				CLANG_WARN_STRICT_PROTOTYPES = YES;
				CLANG_WARN_SUSPICIOUS_MOVE = YES;
				CLANG_WARN_UNGUARDED_AVAILABILITY = YES_AGGRESSIVE;
				CLANG_WARN_UNREACHABLE_CODE = YES;
				CLANG_WARN__DUPLICATE_METHOD_MATCH = YES;
				COPY_PHASE_STRIP = NO;
				DEBUG_INFORMATION_FORMAT = dwarf;
				ENABLE_STRICT_OBJC_MSGSEND = YES;
				ENABLE_TESTABILITY = YES;
				ENABLE_USER_SCRIPT_SANDBOXING = YES;
				GCC_C_LANGUAGE_STANDARD = gnu17;
				GCC_DYNAMIC_NO_PIC = NO;
				GCC_NO_COMMON_BLOCKS = YES;
				GCC_OPTIMIZATION_LEVEL = 0;
				GCC_PREPROCESSOR_DEFINITIONS = (
					"DEBUG=1",
					"$(inherited)",
				);
				GCC_WARN_64_TO_32_BIT_CONVERSION = YES;
				GCC_WARN_ABOUT_RETURN_TYPE = YES_ERROR;
				GCC_WARN_UNDECLARED_SELECTOR = YES;
				GCC_WARN_UNINITIALIZED_AUTOS = YES_AGGRESSIVE;
				GCC_WARN_UNUSED_FUNCTION = YES;
				GCC_WARN_UNUSED_VARIABLE = YES;
				IPHONEOS_DEPLOYMENT_TARGET = 17.2;
				LOCALIZATION_PREFERS_STRING_CATALOGS = YES;
				MTL_ENABLE_DEBUG_INFO = INCLUDE_SOURCE;
				MTL_FAST_MATH = YES;
				ONLY_ACTIVE_ARCH = YES;
				SDKROOT = iphoneos;
				SWIFT_ACTIVE_COMPILATION_CONDITIONS = "DEBUG $(inherited)";
				SWIFT_OPTIMIZATION_LEVEL = "-Onone";
			};
			name = Debug;
		};
		09BD011E2B68CBBA000CE7C9 /* Release */ = {
			isa = XCBuildConfiguration;
			buildSettings = {
				ALWAYS_SEARCH_USER_PATHS = NO;
				ASSETCATALOG_COMPILER_GENERATE_SWIFT_ASSET_SYMBOL_EXTENSIONS = YES;
				CLANG_ANALYZER_NONNULL = YES;
				CLANG_ANALYZER_NUMBER_OBJECT_CONVERSION = YES_AGGRESSIVE;
				CLANG_CXX_LANGUAGE_STANDARD = "gnu++20";
				CLANG_ENABLE_MODULES = YES;
				CLANG_ENABLE_OBJC_ARC = YES;
				CLANG_ENABLE_OBJC_WEAK = YES;
				CLANG_WARN_BLOCK_CAPTURE_AUTORELEASING = YES;
				CLANG_WARN_BOOL_CONVERSION = YES;
				CLANG_WARN_COMMA = YES;
				CLANG_WARN_CONSTANT_CONVERSION = YES;
				CLANG_WARN_DEPRECATED_OBJC_IMPLEMENTATIONS = YES;
				CLANG_WARN_DIRECT_OBJC_ISA_USAGE = YES_ERROR;
				CLANG_WARN_DOCUMENTATION_COMMENTS = YES;
				CLANG_WARN_EMPTY_BODY = YES;
				CLANG_WARN_ENUM_CONVERSION = YES;
				CLANG_WARN_INFINITE_RECURSION = YES;
				CLANG_WARN_INT_CONVERSION = YES;
				CLANG_WARN_NON_LITERAL_NULL_CONVERSION = YES;
				CLANG_WARN_OBJC_IMPLICIT_RETAIN_SELF = YES;
				CLANG_WARN_OBJC_LITERAL_CONVERSION = YES;
				CLANG_WARN_OBJC_ROOT_CLASS = YES_ERROR;
				CLANG_WARN_QUOTED_INCLUDE_IN_FRAMEWORK_HEADER = YES;
				CLANG_WARN_RANGE_LOOP_ANALYSIS = YES;
				CLANG_WARN_STRICT_PROTOTYPES = YES;
				CLANG_WARN_SUSPICIOUS_MOVE = YES;
				CLANG_WARN_UNGUARDED_AVAILABILITY = YES_AGGRESSIVE;
				CLANG_WARN_UNREACHABLE_CODE = YES;
				CLANG_WARN__DUPLICATE_METHOD_MATCH = YES;
				COPY_PHASE_STRIP = NO;
				DEBUG_INFORMATION_FORMAT = "dwarf-with-dsym";
				ENABLE_NS_ASSERTIONS = NO;
				ENABLE_STRICT_OBJC_MSGSEND = YES;
				ENABLE_USER_SCRIPT_SANDBOXING = YES;
				GCC_C_LANGUAGE_STANDARD = gnu17;
				GCC_NO_COMMON_BLOCKS = YES;
				GCC_WARN_64_TO_32_BIT_CONVERSION = YES;
				GCC_WARN_ABOUT_RETURN_TYPE = YES_ERROR;
				GCC_WARN_UNDECLARED_SELECTOR = YES;
				GCC_WARN_UNINITIALIZED_AUTOS = YES_AGGRESSIVE;
				GCC_WARN_UNUSED_FUNCTION = YES;
				GCC_WARN_UNUSED_VARIABLE = YES;
				IPHONEOS_DEPLOYMENT_TARGET = 17.2;
				LOCALIZATION_PREFERS_STRING_CATALOGS = YES;
				MTL_ENABLE_DEBUG_INFO = NO;
				MTL_FAST_MATH = YES;
				SDKROOT = iphoneos;
				SWIFT_COMPILATION_MODE = wholemodule;
				VALIDATE_PRODUCT = YES;
			};
			name = Release;
		};
		09BD01202B68CBBA000CE7C9 /* Debug */ = {
			isa = XCBuildConfiguration;
			buildSettings = {
				ASSETCATALOG_COMPILER_APPICON_NAME = AppIcon;
				ASSETCATALOG_COMPILER_GLOBAL_ACCENT_COLOR_NAME = AccentColor;
				CODE_SIGN_IDENTITY = "Apple Development";
				CODE_SIGN_STYLE = Automatic;
				CURRENT_PROJECT_VERSION = 1;
				DEVELOPMENT_ASSET_PATHS = "\"Gamergrid/Preview Content\"";
				DEVELOPMENT_TEAM = HC7V52W2RB;
				ENABLE_PREVIEWS = YES;
				GENERATE_INFOPLIST_FILE = YES;
				INFOPLIST_KEY_UIApplicationSceneManifest_Generation = YES;
				INFOPLIST_KEY_UIApplicationSupportsIndirectInputEvents = YES;
				INFOPLIST_KEY_UILaunchScreen_Generation = YES;
				INFOPLIST_KEY_UISupportedInterfaceOrientations_iPad = "UIInterfaceOrientationPortrait UIInterfaceOrientationPortraitUpsideDown UIInterfaceOrientationLandscapeLeft UIInterfaceOrientationLandscapeRight";
				INFOPLIST_KEY_UISupportedInterfaceOrientations_iPhone = "UIInterfaceOrientationPortrait UIInterfaceOrientationLandscapeLeft UIInterfaceOrientationLandscapeRight";
				IPHONEOS_DEPLOYMENT_TARGET = 17.0;
				LD_RUNPATH_SEARCH_PATHS = (
					"$(inherited)",
					"@executable_path/Frameworks",
				);
				MARKETING_VERSION = 1.0;
				PRODUCT_BUNDLE_IDENTIFIER = in.edu.srmist.Gamergrid;
				PRODUCT_NAME = "$(TARGET_NAME)";
				PROVISIONING_PROFILE_SPECIFIER = "";
				SWIFT_EMIT_LOC_STRINGS = YES;
				SWIFT_VERSION = 5.0;
				TARGETED_DEVICE_FAMILY = "1,2";
			};
			name = Debug;
		};
		09BD01212B68CBBA000CE7C9 /* Release */ = {
			isa = XCBuildConfiguration;
			buildSettings = {
				ASSETCATALOG_COMPILER_APPICON_NAME = AppIcon;
				ASSETCATALOG_COMPILER_GLOBAL_ACCENT_COLOR_NAME = AccentColor;
				CODE_SIGN_IDENTITY = "Apple Development";
				CODE_SIGN_STYLE = Automatic;
				CURRENT_PROJECT_VERSION = 1;
				DEVELOPMENT_ASSET_PATHS = "\"Gamergrid/Preview Content\"";
				DEVELOPMENT_TEAM = HC7V52W2RB;
				ENABLE_PREVIEWS = YES;
				GENERATE_INFOPLIST_FILE = YES;
				INFOPLIST_KEY_UIApplicationSceneManifest_Generation = YES;
				INFOPLIST_KEY_UIApplicationSupportsIndirectInputEvents = YES;
				INFOPLIST_KEY_UILaunchScreen_Generation = YES;
				INFOPLIST_KEY_UISupportedInterfaceOrientations_iPad = "UIInterfaceOrientationPortrait UIInterfaceOrientationPortraitUpsideDown UIInterfaceOrientationLandscapeLeft UIInterfaceOrientationLandscapeRight";
				INFOPLIST_KEY_UISupportedInterfaceOrientations_iPhone = "UIInterfaceOrientationPortrait UIInterfaceOrientationLandscapeLeft UIInterfaceOrientationLandscapeRight";
				IPHONEOS_DEPLOYMENT_TARGET = 17.0;
				LD_RUNPATH_SEARCH_PATHS = (
					"$(inherited)",
					"@executable_path/Frameworks",
				);
				MARKETING_VERSION = 1.0;
				PRODUCT_BUNDLE_IDENTIFIER = in.edu.srmist.Gamergrid;
				PRODUCT_NAME = "$(TARGET_NAME)";
				PROVISIONING_PROFILE_SPECIFIER = "";
				SWIFT_EMIT_LOC_STRINGS = YES;
				SWIFT_VERSION = 5.0;
				TARGETED_DEVICE_FAMILY = "1,2";
			};
			name = Release;
		};
/* End XCBuildConfiguration section */

/* Begin XCConfigurationList section */
		09BD010C2B68CBB9000CE7C9 /* Build configuration list for PBXProject "Gamergrid" */ = {
			isa = XCConfigurationList;
			buildConfigurations = (
				09BD011D2B68CBBA000CE7C9 /* Debug */,
				09BD011E2B68CBBA000CE7C9 /* Release */,
			);
			defaultConfigurationIsVisible = 0;
			defaultConfigurationName = Release;
		};
		09BD011F2B68CBBA000CE7C9 /* Build configuration list for PBXNativeTarget "Gamergrid" */ = {
			isa = XCConfigurationList;
			buildConfigurations = (
				09BD01202B68CBBA000CE7C9 /* Debug */,
				09BD01212B68CBBA000CE7C9 /* Release */,
			);
			defaultConfigurationIsVisible = 0;
			defaultConfigurationName = Release;
		};
/* End XCConfigurationList section */
	};
	rootObject = 09BD01092B68CBB9000CE7C9 /* Project object */;
}
